
Microsoft Visual Studio Solution File, Format Version 12.00
# Visual Studio 15
VisualStudioVersion = 15.0.27703.2026
MinimumVisualStudioVersion = 10.0.40219.1
Project("{FAE04EC0-301F-11D3-BF4B-00C04F79EFBC}") = "TimeCounter", "TimeCounter\TimeCounter.csproj", "{17543235-C58A-4A04-A304-D23CD3C307C1}"
EndProject
Project("{54435603-DBB4-11D2-8724-00A0C9A8B90C}") = "Setup1", "Setup1\Setup1.vdproj", "{119F611B-6CA9-4EA9-8856-0235DDED7BE0}"
EndProject
Global
	GlobalSection(SolutionConfigurationPlatforms) = preSolution
		Debug|Any CPU = Debug|Any CPU
		Release|Any CPU = Release|Any CPU
	EndGlobalSection
	GlobalSection(ProjectConfigurationPlatforms) = postSolution
		{17543235-C58A-4A04-A304-D23CD3C307C1}.Debug|Any CPU.ActiveCfg = Debug|Any CPU
		{17543235-C58A-4A04-A304-D23CD3C307C1}.Debug|Any CPU.Build.0 = Debug|Any CPU
		{17543235-C58A-4A04-A304-D23CD3C307C1}.Release|Any CPU.ActiveCfg = Release|Any CPU
		{17543235-C58A-4A04-A304-D23CD3C307C1}.Release|Any CPU.Build.0 = Release|Any CPU
		{119F611B-6CA9-4EA9-8856-0235DDED7BE0}.Debug|Any CPU.ActiveCfg = Debug
		{119F611B-6CA9-4EA9-8856-0235DDED7BE0}.Release|Any CPU.ActiveCfg = Release
	EndGlobalSection
	GlobalSection(SolutionProperties) = preSolution
		HideSolutionNode = FALSE
	EndGlobalSection
	GlobalSection(ExtensibilityGlobals) = postSolution
		SolutionGuid = {BC051C41-764F-4C5E-AFFC-E216B3F10E18}
	EndGlobalSection
EndGlobal
